
Microsoft Visual Studio Solution File, Format Version 12.00
# Visual Studio Version 17
VisualStudioVersion = 17.4.33403.182
MinimumVisualStudioVersion = 10.0.40219.1
Project("{9A19103F-16F7-4668-BE54-9A1E7A4F7556}") = "Client", "Client\Client.csproj", "{54F2915D-1419-40E8-8611-4C7BACEC5DF4}"
EndProject
Project("{9A19103F-16F7-4668-BE54-9A1E7A4F7556}") = "MalisiousSite", "MalisiousSite\MalisiousSite.csproj", "{3725285B-8430-4B17-B8B9-F5DF62F0610F}"
EndProject
Global
	GlobalSection(SolutionConfigurationPlatforms) = preSolution
		Debug|Any CPU = Debug|Any CPU
		Release|Any CPU = Release|Any CPU
	EndGlobalSection
	GlobalSection(ProjectConfigurationPlatforms) = postSolution
		{54F2915D-1419-40E8-8611-4C7BACEC5DF4}.Debug|Any CPU.ActiveCfg = Debug|Any CPU
		{54F2915D-1419-40E8-8611-4C7BACEC5DF4}.Debug|Any CPU.Build.0 = Debug|Any CPU
		{54F2915D-1419-40E8-8611-4C7BACEC5DF4}.Release|Any CPU.ActiveCfg = Release|Any CPU
		{54F2915D-1419-40E8-8611-4C7BACEC5DF4}.Release|Any CPU.Build.0 = Release|Any CPU
		{3725285B-8430-4B17-B8B9-F5DF62F0610F}.Debug|Any CPU.ActiveCfg = Debug|Any CPU
		{3725285B-8430-4B17-B8B9-F5DF62F0610F}.Debug|Any CPU.Build.0 = Debug|Any CPU
		{3725285B-8430-4B17-B8B9-F5DF62F0610F}.Release|Any CPU.ActiveCfg = Release|Any CPU
		{3725285B-8430-4B17-B8B9-F5DF62F0610F}.Release|Any CPU.Build.0 = Release|Any CPU
	EndGlobalSection
	GlobalSection(SolutionProperties) = preSolution
		HideSolutionNode = FALSE
	EndGlobalSection
	GlobalSection(ExtensibilityGlobals) = postSolution
		SolutionGuid = {838ED33B-12D0-4348-9D1A-801EC13AA95B}
	EndGlobalSection
EndGlobal
